
Microsoft Visual Studio Solution File, Format Version 12.00
# Visual Studio Version 16
VisualStudioVersion = 16.0.29326.143
MinimumVisualStudioVersion = 10.0.40219.1
Project("{9A19103F-16F7-4668-BE54-9A1E7A4F7556}") = "Moksnes.BuyStuff.Silo", "Moksnes.BuyStuff.Silo\Moksnes.BuyStuff.Silo.csproj", "{D0E52638-1E74-410A-AD38-CCD84C8186F1}"
EndProject
Project("{9A19103F-16F7-4668-BE54-9A1E7A4F7556}") = "Moksnes.BuyStuff.Client", "Moksnes.BuyStuff.Client\Moksnes.BuyStuff.Client.csproj", "{B4E967F6-DADD-447A-8A56-C67827E3789A}"
EndProject
Project("{9A19103F-16F7-4668-BE54-9A1E7A4F7556}") = "Moksnes.BuyStuff.GrainInterfaces", "Moksnes.BuyStuff.GrainInterfaces\Moksnes.BuyStuff.GrainInterfaces.csproj", "{909E7B40-1212-45CB-85F3-B314A768D213}"
EndProject
Project("{9A19103F-16F7-4668-BE54-9A1E7A4F7556}") = "Moksnes.BuyStuff.Grains", "Moksnes.BuyStuff.Grains\Moksnes.BuyStuff.Grains.csproj", "{85B00B04-B2A6-4221-BA03-58B4DA043257}"
EndProject
Project("{9A19103F-16F7-4668-BE54-9A1E7A4F7556}") = "Moksnes.BuyStuff.Api", "Moksnes.BuyStuff.Api\Moksnes.BuyStuff.Api.csproj", "{14F86F13-7304-41BC-BB78-0F1E15007E46}"
EndProject
Project("{E53339B2-1760-4266-BCC7-CA923CBCF16C}") = "docker-compose", "docker-compose.dcproj", "{7BFC9335-CCB4-497F-91AB-888F3F70FF7B}"
EndProject
Project("{FAE04EC0-301F-11D3-BF4B-00C04F79EFBC}") = "Moksnes.BuyStuff.Api.Console", "..\Moksnes.BuyStuff.Api.Console\Moksnes.BuyStuff.Api.Console.csproj", "{91619620-88F1-4293-8BEC-60C79BE12F05}"
EndProject
Project("{FAE04EC0-301F-11D3-BF4B-00C04F79EFBC}") = "Moksnes.BuyStuff.Host", "..\Moksnes.BuyStuff.Host\Moksnes.BuyStuff.Host.csproj", "{EC90712D-D24E-4B51-9728-E2E58A0DFC98}"
EndProject
Global
	GlobalSection(SolutionConfigurationPlatforms) = preSolution
		Debug|Any CPU = Debug|Any CPU
		Release|Any CPU = Release|Any CPU
	EndGlobalSection
	GlobalSection(ProjectConfigurationPlatforms) = postSolution
		{D0E52638-1E74-410A-AD38-CCD84C8186F1}.Debug|Any CPU.ActiveCfg = Debug|Any CPU
		{D0E52638-1E74-410A-AD38-CCD84C8186F1}.Debug|Any CPU.Build.0 = Debug|Any CPU
		{D0E52638-1E74-410A-AD38-CCD84C8186F1}.Release|Any CPU.ActiveCfg = Release|Any CPU
		{D0E52638-1E74-410A-AD38-CCD84C8186F1}.Release|Any CPU.Build.0 = Release|Any CPU
		{B4E967F6-DADD-447A-8A56-C67827E3789A}.Debug|Any CPU.ActiveCfg = Debug|Any CPU
		{B4E967F6-DADD-447A-8A56-C67827E3789A}.Debug|Any CPU.Build.0 = Debug|Any CPU
		{B4E967F6-DADD-447A-8A56-C67827E3789A}.Release|Any CPU.ActiveCfg = Release|Any CPU
		{B4E967F6-DADD-447A-8A56-C67827E3789A}.Release|Any CPU.Build.0 = Release|Any CPU
		{909E7B40-1212-45CB-85F3-B314A768D213}.Debug|Any CPU.ActiveCfg = Debug|Any CPU
		{909E7B40-1212-45CB-85F3-B314A768D213}.Debug|Any CPU.Build.0 = Debug|Any CPU
		{909E7B40-1212-45CB-85F3-B314A768D213}.Release|Any CPU.ActiveCfg = Release|Any CPU
		{909E7B40-1212-45CB-85F3-B314A768D213}.Release|Any CPU.Build.0 = Release|Any CPU
		{85B00B04-B2A6-4221-BA03-58B4DA043257}.Debug|Any CPU.ActiveCfg = Debug|Any CPU
		{85B00B04-B2A6-4221-BA03-58B4DA043257}.Debug|Any CPU.Build.0 = Debug|Any CPU
		{85B00B04-B2A6-4221-BA03-58B4DA043257}.Release|Any CPU.ActiveCfg = Release|Any CPU
		{85B00B04-B2A6-4221-BA03-58B4DA043257}.Release|Any CPU.Build.0 = Release|Any CPU
		{14F86F13-7304-41BC-BB78-0F1E15007E46}.Debug|Any CPU.ActiveCfg = Debug|Any CPU
		{14F86F13-7304-41BC-BB78-0F1E15007E46}.Debug|Any CPU.Build.0 = Debug|Any CPU
		{14F86F13-7304-41BC-BB78-0F1E15007E46}.Release|Any CPU.ActiveCfg = Release|Any CPU
		{14F86F13-7304-41BC-BB78-0F1E15007E46}.Release|Any CPU.Build.0 = Release|Any CPU
		{7BFC9335-CCB4-497F-91AB-888F3F70FF7B}.Debug|Any CPU.ActiveCfg = Debug|Any CPU
		{7BFC9335-CCB4-497F-91AB-888F3F70FF7B}.Debug|Any CPU.Build.0 = Debug|Any CPU
		{7BFC9335-CCB4-497F-91AB-888F3F70FF7B}.Release|Any CPU.ActiveCfg = Release|Any CPU
		{7BFC9335-CCB4-497F-91AB-888F3F70FF7B}.Release|Any CPU.Build.0 = Release|Any CPU
		{91619620-88F1-4293-8BEC-60C79BE12F05}.Debug|Any CPU.ActiveCfg = Debug|Any CPU
		{91619620-88F1-4293-8BEC-60C79BE12F05}.Debug|Any CPU.Build.0 = Debug|Any CPU
		{91619620-88F1-4293-8BEC-60C79BE12F05}.Release|Any CPU.ActiveCfg = Release|Any CPU
		{91619620-88F1-4293-8BEC-60C79BE12F05}.Release|Any CPU.Build.0 = Release|Any CPU
		{EC90712D-D24E-4B51-9728-E2E58A0DFC98}.Debug|Any CPU.ActiveCfg = Debug|Any CPU
		{EC90712D-D24E-4B51-9728-E2E58A0DFC98}.Debug|Any CPU.Build.0 = Debug|Any CPU
		{EC90712D-D24E-4B51-9728-E2E58A0DFC98}.Release|Any CPU.ActiveCfg = Release|Any CPU
		{EC90712D-D24E-4B51-9728-E2E58A0DFC98}.Release|Any CPU.Build.0 = Release|Any CPU
	EndGlobalSection
	GlobalSection(SolutionProperties) = preSolution
		HideSolutionNode = FALSE
	EndGlobalSection
	GlobalSection(ExtensibilityGlobals) = postSolution
		SolutionGuid = {86D01442-5258-4CC1-A970-78D68C7BD417}
	EndGlobalSection
EndGlobal
